
Microsoft Visual Studio Solution File, Format Version 12.00
# Visual Studio Version 17
VisualStudioVersion = 17.0.31912.275
MinimumVisualStudioVersion = 10.0.40219.1
Project("{FAE04EC0-301F-11D3-BF4B-00C04F79EFBC}") = "RisetQuartzProject", "RisetQuartzProject\RisetQuartzProject.csproj", "{EDCDEBAE-74D3-4088-9743-C17513C179CF}"
EndProject
Project("{FAE04EC0-301F-11D3-BF4B-00C04F79EFBC}") = "SampleBLL", "SampleBLL\SampleBLL.csproj", "{0D3E5C15-C8A4-4F12-9555-A8D1D4BCA3AE}"
EndProject
Global
	GlobalSection(SolutionConfigurationPlatforms) = preSolution
		Debug|Any CPU = Debug|Any CPU
		Release|Any CPU = Release|Any CPU
	EndGlobalSection
	GlobalSection(ProjectConfigurationPlatforms) = postSolution
		{EDCDEBAE-74D3-4088-9743-C17513C179CF}.Debug|Any CPU.ActiveCfg = Debug|Any CPU
		{EDCDEBAE-74D3-4088-9743-C17513C179CF}.Debug|Any CPU.Build.0 = Debug|Any CPU
		{EDCDEBAE-74D3-4088-9743-C17513C179CF}.Release|Any CPU.ActiveCfg = Release|Any CPU
		{EDCDEBAE-74D3-4088-9743-C17513C179CF}.Release|Any CPU.Build.0 = Release|Any CPU
		{0D3E5C15-C8A4-4F12-9555-A8D1D4BCA3AE}.Debug|Any CPU.ActiveCfg = Debug|Any CPU
		{0D3E5C15-C8A4-4F12-9555-A8D1D4BCA3AE}.Debug|Any CPU.Build.0 = Debug|Any CPU
		{0D3E5C15-C8A4-4F12-9555-A8D1D4BCA3AE}.Release|Any CPU.ActiveCfg = Release|Any CPU
		{0D3E5C15-C8A4-4F12-9555-A8D1D4BCA3AE}.Release|Any CPU.Build.0 = Release|Any CPU
	EndGlobalSection
	GlobalSection(SolutionProperties) = preSolution
		HideSolutionNode = FALSE
	EndGlobalSection
	GlobalSection(ExtensibilityGlobals) = postSolution
		SolutionGuid = {E8CED92A-5821-4514-83CD-12B07BB36541}
	EndGlobalSection
EndGlobal
